
Microsoft Visual Studio Solution File, Format Version 12.00
# Visual Studio Version 17
VisualStudioVersion = 17.5.002.0
MinimumVisualStudioVersion = 10.0.40219.1
Project("{9A19103F-16F7-4668-BE54-9A1E7A4F7556}") = "Revisao2024", "Revisao2024.csproj", "{CAA527A8-548A-452B-82B8-DEB83C40BCB1}"
EndProject
Global
	GlobalSection(SolutionConfigurationPlatforms) = preSolution
		Debug|Any CPU = Debug|Any CPU
		Release|Any CPU = Release|Any CPU
	EndGlobalSection
	GlobalSection(ProjectConfigurationPlatforms) = postSolution
		{CAA527A8-548A-452B-82B8-DEB83C40BCB1}.Debug|Any CPU.ActiveCfg = Debug|Any CPU
		{CAA527A8-548A-452B-82B8-DEB83C40BCB1}.Debug|Any CPU.Build.0 = Debug|Any CPU
		{CAA527A8-548A-452B-82B8-DEB83C40BCB1}.Release|Any CPU.ActiveCfg = Release|Any CPU
		{CAA527A8-548A-452B-82B8-DEB83C40BCB1}.Release|Any CPU.Build.0 = Release|Any CPU
	EndGlobalSection
	GlobalSection(SolutionProperties) = preSolution
		HideSolutionNode = FALSE
	EndGlobalSection
	GlobalSection(ExtensibilityGlobals) = postSolution
		SolutionGuid = {1CD2B26C-19F1-40A4-8490-3C8B3DE3FDF7}
	EndGlobalSection
EndGlobal
